
Microsoft Visual Studio Solution File, Format Version 12.00
# Visual Studio 14
VisualStudioVersion = 14.0.24720.0
MinimumVisualStudioVersion = 10.0.40219.1
Project("{FF286327-C783-4F7A-AB73-9BCBAD0D4460}") = "ReadOnlySourceTree", "ReadOnlySourceTree\ReadOnlySourceTree.nuproj", "{445ACB1E-3015-4AF1-A4A6-F1AEED163D48}"
EndProject
Project("{2150E333-8FDC-42A3-9474-1A3956D46DE8}") = "Solution Items", "Solution Items", "{59272674-1605-4663-976B-AFC46B0ED359}"
	ProjectSection(SolutionItems) = preProject
		..\.gitignore = ..\.gitignore
		..\LICENSE.txt = ..\LICENSE.txt
		..\nuget.config = ..\nuget.config
		..\README.md = ..\README.md
		stylecop.json = stylecop.json
		version.json = version.json
	EndProjectSection
EndProject
Project("{2150E333-8FDC-42A3-9474-1A3956D46DE8}") = ".nuget", ".nuget", "{B2E2281B-6C3D-450C-8956-03025F67E11F}"
	ProjectSection(SolutionItems) = preProject
		.nuget\packages.config = .nuget\packages.config
	EndProjectSection
EndProject
Project("{FAE04EC0-301F-11D3-BF4B-00C04F79EFBC}") = "ReadOnlySourceTree.Tests", "ReadOnlySourceTree.Tests\ReadOnlySourceTree.Tests.csproj", "{C3759CE4-B747-43A1-9129-8100AFF177EF}"
	ProjectSection(ProjectDependencies) = postProject
		{445ACB1E-3015-4AF1-A4A6-F1AEED163D48} = {445ACB1E-3015-4AF1-A4A6-F1AEED163D48}
	EndProjectSection
EndProject
Global
	GlobalSection(SolutionConfigurationPlatforms) = preSolution
		Debug|Any CPU = Debug|Any CPU
		Release|Any CPU = Release|Any CPU
	EndGlobalSection
	GlobalSection(ProjectConfigurationPlatforms) = postSolution
		{445ACB1E-3015-4AF1-A4A6-F1AEED163D48}.Debug|Any CPU.ActiveCfg = Debug|Any CPU
		{445ACB1E-3015-4AF1-A4A6-F1AEED163D48}.Debug|Any CPU.Build.0 = Debug|Any CPU
		{445ACB1E-3015-4AF1-A4A6-F1AEED163D48}.Release|Any CPU.ActiveCfg = Release|Any CPU
		{445ACB1E-3015-4AF1-A4A6-F1AEED163D48}.Release|Any CPU.Build.0 = Release|Any CPU
		{C3759CE4-B747-43A1-9129-8100AFF177EF}.Debug|Any CPU.ActiveCfg = Debug|Any CPU
		{C3759CE4-B747-43A1-9129-8100AFF177EF}.Debug|Any CPU.Build.0 = Debug|Any CPU
		{C3759CE4-B747-43A1-9129-8100AFF177EF}.Release|Any CPU.ActiveCfg = Release|Any CPU
		{C3759CE4-B747-43A1-9129-8100AFF177EF}.Release|Any CPU.Build.0 = Release|Any CPU
	EndGlobalSection
	GlobalSection(SolutionProperties) = preSolution
		HideSolutionNode = FALSE
	EndGlobalSection
EndGlobal
